
Microsoft Visual Studio Solution File, Format Version 12.00
# Visual Studio 15
VisualStudioVersion = 15.0.26124.0
MinimumVisualStudioVersion = 15.0.26124.0
Project("{FAE04EC0-301F-11D3-BF4B-00C04F79EFBC}") = "Drawers.Domain", "Drawers.Domain\Drawers.Domain.csproj", "{6D54CEA8-D9E5-4D1A-8A6F-A9BC4AEF4148}"
EndProject
Project("{FAE04EC0-301F-11D3-BF4B-00C04F79EFBC}") = "Drawers.Application", "Drawers.Application\Drawers.Application.csproj", "{464717B8-162D-4B87-976A-930F8AA37BF5}"
EndProject
Project("{FAE04EC0-301F-11D3-BF4B-00C04F79EFBC}") = "Drawers.Persistence", "Drawers.Persistence\Drawers.Persistence.csproj", "{E135CBAA-78FF-44A9-BF3D-8EB84D8B3461}"
EndProject
Project("{FAE04EC0-301F-11D3-BF4B-00C04F79EFBC}") = "Drawers.WebUi", "Drawers.WebUi\Drawers.WebUi.csproj", "{BF634660-728A-4CF1-8614-46474887DB56}"
EndProject
Global
	GlobalSection(SolutionConfigurationPlatforms) = preSolution
		Debug|Any CPU = Debug|Any CPU
		Debug|x64 = Debug|x64
		Debug|x86 = Debug|x86
		Release|Any CPU = Release|Any CPU
		Release|x64 = Release|x64
		Release|x86 = Release|x86
	EndGlobalSection
	GlobalSection(SolutionProperties) = preSolution
		HideSolutionNode = FALSE
	EndGlobalSection
	GlobalSection(ProjectConfigurationPlatforms) = postSolution
		{6D54CEA8-D9E5-4D1A-8A6F-A9BC4AEF4148}.Debug|Any CPU.ActiveCfg = Debug|Any CPU
		{6D54CEA8-D9E5-4D1A-8A6F-A9BC4AEF4148}.Debug|Any CPU.Build.0 = Debug|Any CPU
		{6D54CEA8-D9E5-4D1A-8A6F-A9BC4AEF4148}.Debug|x64.ActiveCfg = Debug|Any CPU
		{6D54CEA8-D9E5-4D1A-8A6F-A9BC4AEF4148}.Debug|x64.Build.0 = Debug|Any CPU
		{6D54CEA8-D9E5-4D1A-8A6F-A9BC4AEF4148}.Debug|x86.ActiveCfg = Debug|Any CPU
		{6D54CEA8-D9E5-4D1A-8A6F-A9BC4AEF4148}.Debug|x86.Build.0 = Debug|Any CPU
		{6D54CEA8-D9E5-4D1A-8A6F-A9BC4AEF4148}.Release|Any CPU.ActiveCfg = Release|Any CPU
		{6D54CEA8-D9E5-4D1A-8A6F-A9BC4AEF4148}.Release|Any CPU.Build.0 = Release|Any CPU
		{6D54CEA8-D9E5-4D1A-8A6F-A9BC4AEF4148}.Release|x64.ActiveCfg = Release|Any CPU
		{6D54CEA8-D9E5-4D1A-8A6F-A9BC4AEF4148}.Release|x64.Build.0 = Release|Any CPU
		{6D54CEA8-D9E5-4D1A-8A6F-A9BC4AEF4148}.Release|x86.ActiveCfg = Release|Any CPU
		{6D54CEA8-D9E5-4D1A-8A6F-A9BC4AEF4148}.Release|x86.Build.0 = Release|Any CPU
		{464717B8-162D-4B87-976A-930F8AA37BF5}.Debug|Any CPU.ActiveCfg = Debug|Any CPU
		{464717B8-162D-4B87-976A-930F8AA37BF5}.Debug|Any CPU.Build.0 = Debug|Any CPU
		{464717B8-162D-4B87-976A-930F8AA37BF5}.Debug|x64.ActiveCfg = Debug|Any CPU
		{464717B8-162D-4B87-976A-930F8AA37BF5}.Debug|x64.Build.0 = Debug|Any CPU
		{464717B8-162D-4B87-976A-930F8AA37BF5}.Debug|x86.ActiveCfg = Debug|Any CPU
		{464717B8-162D-4B87-976A-930F8AA37BF5}.Debug|x86.Build.0 = Debug|Any CPU
		{464717B8-162D-4B87-976A-930F8AA37BF5}.Release|Any CPU.ActiveCfg = Release|Any CPU
		{464717B8-162D-4B87-976A-930F8AA37BF5}.Release|Any CPU.Build.0 = Release|Any CPU
		{464717B8-162D-4B87-976A-930F8AA37BF5}.Release|x64.ActiveCfg = Release|Any CPU
		{464717B8-162D-4B87-976A-930F8AA37BF5}.Release|x64.Build.0 = Release|Any CPU
		{464717B8-162D-4B87-976A-930F8AA37BF5}.Release|x86.ActiveCfg = Release|Any CPU
		{464717B8-162D-4B87-976A-930F8AA37BF5}.Release|x86.Build.0 = Release|Any CPU
		{E135CBAA-78FF-44A9-BF3D-8EB84D8B3461}.Debug|Any CPU.ActiveCfg = Debug|Any CPU
		{E135CBAA-78FF-44A9-BF3D-8EB84D8B3461}.Debug|Any CPU.Build.0 = Debug|Any CPU
		{E135CBAA-78FF-44A9-BF3D-8EB84D8B3461}.Debug|x64.ActiveCfg = Debug|Any CPU
		{E135CBAA-78FF-44A9-BF3D-8EB84D8B3461}.Debug|x64.Build.0 = Debug|Any CPU
		{E135CBAA-78FF-44A9-BF3D-8EB84D8B3461}.Debug|x86.ActiveCfg = Debug|Any CPU
		{E135CBAA-78FF-44A9-BF3D-8EB84D8B3461}.Debug|x86.Build.0 = Debug|Any CPU
		{E135CBAA-78FF-44A9-BF3D-8EB84D8B3461}.Release|Any CPU.ActiveCfg = Release|Any CPU
		{E135CBAA-78FF-44A9-BF3D-8EB84D8B3461}.Release|Any CPU.Build.0 = Release|Any CPU
		{E135CBAA-78FF-44A9-BF3D-8EB84D8B3461}.Release|x64.ActiveCfg = Release|Any CPU
		{E135CBAA-78FF-44A9-BF3D-8EB84D8B3461}.Release|x64.Build.0 = Release|Any CPU
		{E135CBAA-78FF-44A9-BF3D-8EB84D8B3461}.Release|x86.ActiveCfg = Release|Any CPU
		{E135CBAA-78FF-44A9-BF3D-8EB84D8B3461}.Release|x86.Build.0 = Release|Any CPU
		{BF634660-728A-4CF1-8614-46474887DB56}.Debug|Any CPU.ActiveCfg = Debug|Any CPU
		{BF634660-728A-4CF1-8614-46474887DB56}.Debug|Any CPU.Build.0 = Debug|Any CPU
		{BF634660-728A-4CF1-8614-46474887DB56}.Debug|x64.ActiveCfg = Debug|Any CPU
		{BF634660-728A-4CF1-8614-46474887DB56}.Debug|x64.Build.0 = Debug|Any CPU
		{BF634660-728A-4CF1-8614-46474887DB56}.Debug|x86.ActiveCfg = Debug|Any CPU
		{BF634660-728A-4CF1-8614-46474887DB56}.Debug|x86.Build.0 = Debug|Any CPU
		{BF634660-728A-4CF1-8614-46474887DB56}.Release|Any CPU.ActiveCfg = Release|Any CPU
		{BF634660-728A-4CF1-8614-46474887DB56}.Release|Any CPU.Build.0 = Release|Any CPU
		{BF634660-728A-4CF1-8614-46474887DB56}.Release|x64.ActiveCfg = Release|Any CPU
		{BF634660-728A-4CF1-8614-46474887DB56}.Release|x64.Build.0 = Release|Any CPU
		{BF634660-728A-4CF1-8614-46474887DB56}.Release|x86.ActiveCfg = Release|Any CPU
		{BF634660-728A-4CF1-8614-46474887DB56}.Release|x86.Build.0 = Release|Any CPU
	EndGlobalSection
EndGlobal
